
Microsoft Visual Studio Solution File, Format Version 12.00
# Visual Studio Version 17
VisualStudioVersion = 17.5.33516.290
MinimumVisualStudioVersion = 10.0.40219.1
Project("{9A19103F-16F7-4668-BE54-9A1E7A4F7556}") = "ProcessSim.Implementation", "SimpleProcessSim\ProcessSim.Implementation.csproj", "{FD313B05-3000-41CD-94C9-E4394D50B5F2}"
EndProject
Project("{2150E333-8FDC-42A3-9474-1A3956D46DE8}") = "src", "src", "{122A80E2-8AFB-4659-9F37-CBBB3CAA4FBD}"
EndProject
Project("{9A19103F-16F7-4668-BE54-9A1E7A4F7556}") = "ProcessSim.Abstraction", "ProcessSimAbstraction\ProcessSim.Abstraction.csproj", "{DC93669A-87F2-4DEA-95C9-4C9A4537F6D2}"
EndProject
Project("{2150E333-8FDC-42A3-9474-1A3956D46DE8}") = "Simulator", "Simulator", "{EB3830E3-F30F-44BC-9AEC-5EBC8110E486}"
EndProject
Project("{9A19103F-16F7-4668-BE54-9A1E7A4F7556}") = "ProcessSimulator", "ProcessSimulator\ProcessSimulator.csproj", "{B4CEB68C-93BF-4635-AE2C-2EA82A4AF311}"
EndProject
Project("{2150E333-8FDC-42A3-9474-1A3956D46DE8}") = "Planner", "Planner", "{CF428EC6-6ECC-4842-98B6-977EB8440371}"
EndProject
Project("{9A19103F-16F7-4668-BE54-9A1E7A4F7556}") = "Planner.Abstraction", "Planner.Abstraction\Planner.Abstraction.csproj", "{B181E9FD-D414-4A7C-AE42-2095FEFE2F81}"
EndProject
Project("{9A19103F-16F7-4668-BE54-9A1E7A4F7556}") = "Planner.Implementation", "Planner.Implementation\Planner.Implementation.csproj", "{3F632165-3446-4FD3-8CA7-67D425A547B5}"
EndProject
Project("{2150E333-8FDC-42A3-9474-1A3956D46DE8}") = "Controller", "Controller", "{74F8A37C-6049-42BA-A2AA-5753541B63A2}"
EndProject
Project("{9A19103F-16F7-4668-BE54-9A1E7A4F7556}") = "Controller.Abstraction", "Controller.Abstraction\Controller.Abstraction.csproj", "{45EF76E5-0B24-472F-A268-39D5C0E76754}"
EndProject
Project("{9A19103F-16F7-4668-BE54-9A1E7A4F7556}") = "Controller.Implementation", "Controller.Implementation\Controller.Implementation.csproj", "{3CCBDE37-461E-4950-BC36-1BEBBDAD1012}"
EndProject
Project("{2150E333-8FDC-42A3-9474-1A3956D46DE8}") = "Core", "Core", "{313CDF63-CEA8-4BF5-93C3-DD54441B31DB}"
EndProject
Project("{9A19103F-16F7-4668-BE54-9A1E7A4F7556}") = "Core.Abstraction", "Core.Abstraction\Core.Abstraction.csproj", "{B8127E12-B880-49F4-AE14-DEC3D0F1BECF}"
EndProject
Project("{9A19103F-16F7-4668-BE54-9A1E7A4F7556}") = "Core.Implementation", "Core.Implementation\Core.Implementation.csproj", "{A6C1F399-0094-46AF-B787-738E3196CBC6}"
EndProject
Project("{2150E333-8FDC-42A3-9474-1A3956D46DE8}") = "Configurations", "Configurations", "{1CF39A6A-FA4B-40C3-868E-8D33F51D2D4F}"
	ProjectSection(SolutionItems) = preProject
		Machines.json = Machines.json
		Tools.json = Tools.json
		WorkPlans.json = WorkPlans.json
	EndProjectSection
EndProject
Project("{2150E333-8FDC-42A3-9474-1A3956D46DE8}") = "Solution Items", "Solution Items", "{5368DECF-E5ED-48B9-B288-F9B982B5AD7B}"
	ProjectSection(SolutionItems) = preProject
		examples\main.py = examples\main.py
		readme.md = readme.md
		doc\Diagramme\Sequenzdiagramm.svg = doc\Diagramme\Sequenzdiagramm.svg
	EndProjectSection
EndProject
Project("{2150E333-8FDC-42A3-9474-1A3956D46DE8}") = "UI", "UI", "{6EDE78F4-7E7C-47B3-A3F3-E7238825E3A4}"
EndProject
Project("{2150E333-8FDC-42A3-9474-1A3956D46DE8}") = "Generators", "Generators", "{BF6529DA-D716-4D6A-B6D4-1A1115E9E391}"
EndProject
Project("{FAE04EC0-301F-11D3-BF4B-00C04F79EFBC}") = "Generators.Abstraction", "Generators.Abstraction\Generators.Abstraction.csproj", "{964C0D4C-47E1-4733-A6C2-783329183B09}"
EndProject
Project("{FAE04EC0-301F-11D3-BF4B-00C04F79EFBC}") = "Generators.Implementation", "Generators.Implementation\Generators.Implementation.csproj", "{BF1701EC-58E8-4D2E-A23A-71A14164860E}"
EndProject
Global
	GlobalSection(SolutionConfigurationPlatforms) = preSolution
		Debug|Any CPU = Debug|Any CPU
		Release|Any CPU = Release|Any CPU
	EndGlobalSection
	GlobalSection(ProjectConfigurationPlatforms) = postSolution
		{FD313B05-3000-41CD-94C9-E4394D50B5F2}.Debug|Any CPU.ActiveCfg = Debug|Any CPU
		{FD313B05-3000-41CD-94C9-E4394D50B5F2}.Debug|Any CPU.Build.0 = Debug|Any CPU
		{FD313B05-3000-41CD-94C9-E4394D50B5F2}.Release|Any CPU.ActiveCfg = Release|Any CPU
		{FD313B05-3000-41CD-94C9-E4394D50B5F2}.Release|Any CPU.Build.0 = Release|Any CPU
		{DC93669A-87F2-4DEA-95C9-4C9A4537F6D2}.Debug|Any CPU.ActiveCfg = Debug|Any CPU
		{DC93669A-87F2-4DEA-95C9-4C9A4537F6D2}.Debug|Any CPU.Build.0 = Debug|Any CPU
		{DC93669A-87F2-4DEA-95C9-4C9A4537F6D2}.Release|Any CPU.ActiveCfg = Release|Any CPU
		{DC93669A-87F2-4DEA-95C9-4C9A4537F6D2}.Release|Any CPU.Build.0 = Release|Any CPU
		{B4CEB68C-93BF-4635-AE2C-2EA82A4AF311}.Debug|Any CPU.ActiveCfg = Debug|Any CPU
		{B4CEB68C-93BF-4635-AE2C-2EA82A4AF311}.Debug|Any CPU.Build.0 = Debug|Any CPU
		{B4CEB68C-93BF-4635-AE2C-2EA82A4AF311}.Release|Any CPU.ActiveCfg = Release|Any CPU
		{B4CEB68C-93BF-4635-AE2C-2EA82A4AF311}.Release|Any CPU.Build.0 = Release|Any CPU
		{B181E9FD-D414-4A7C-AE42-2095FEFE2F81}.Debug|Any CPU.ActiveCfg = Debug|Any CPU
		{B181E9FD-D414-4A7C-AE42-2095FEFE2F81}.Debug|Any CPU.Build.0 = Debug|Any CPU
		{B181E9FD-D414-4A7C-AE42-2095FEFE2F81}.Release|Any CPU.ActiveCfg = Release|Any CPU
		{B181E9FD-D414-4A7C-AE42-2095FEFE2F81}.Release|Any CPU.Build.0 = Release|Any CPU
		{3F632165-3446-4FD3-8CA7-67D425A547B5}.Debug|Any CPU.ActiveCfg = Debug|Any CPU
		{3F632165-3446-4FD3-8CA7-67D425A547B5}.Debug|Any CPU.Build.0 = Debug|Any CPU
		{3F632165-3446-4FD3-8CA7-67D425A547B5}.Release|Any CPU.ActiveCfg = Release|Any CPU
		{3F632165-3446-4FD3-8CA7-67D425A547B5}.Release|Any CPU.Build.0 = Release|Any CPU
		{45EF76E5-0B24-472F-A268-39D5C0E76754}.Debug|Any CPU.ActiveCfg = Debug|Any CPU
		{45EF76E5-0B24-472F-A268-39D5C0E76754}.Debug|Any CPU.Build.0 = Debug|Any CPU
		{45EF76E5-0B24-472F-A268-39D5C0E76754}.Release|Any CPU.ActiveCfg = Release|Any CPU
		{45EF76E5-0B24-472F-A268-39D5C0E76754}.Release|Any CPU.Build.0 = Release|Any CPU
		{3CCBDE37-461E-4950-BC36-1BEBBDAD1012}.Debug|Any CPU.ActiveCfg = Debug|Any CPU
		{3CCBDE37-461E-4950-BC36-1BEBBDAD1012}.Debug|Any CPU.Build.0 = Debug|Any CPU
		{3CCBDE37-461E-4950-BC36-1BEBBDAD1012}.Release|Any CPU.ActiveCfg = Release|Any CPU
		{3CCBDE37-461E-4950-BC36-1BEBBDAD1012}.Release|Any CPU.Build.0 = Release|Any CPU
		{B8127E12-B880-49F4-AE14-DEC3D0F1BECF}.Debug|Any CPU.ActiveCfg = Debug|Any CPU
		{B8127E12-B880-49F4-AE14-DEC3D0F1BECF}.Debug|Any CPU.Build.0 = Debug|Any CPU
		{B8127E12-B880-49F4-AE14-DEC3D0F1BECF}.Release|Any CPU.ActiveCfg = Release|Any CPU
		{B8127E12-B880-49F4-AE14-DEC3D0F1BECF}.Release|Any CPU.Build.0 = Release|Any CPU
		{A6C1F399-0094-46AF-B787-738E3196CBC6}.Debug|Any CPU.ActiveCfg = Debug|Any CPU
		{A6C1F399-0094-46AF-B787-738E3196CBC6}.Debug|Any CPU.Build.0 = Debug|Any CPU
		{A6C1F399-0094-46AF-B787-738E3196CBC6}.Release|Any CPU.ActiveCfg = Release|Any CPU
		{A6C1F399-0094-46AF-B787-738E3196CBC6}.Release|Any CPU.Build.0 = Release|Any CPU
		{964C0D4C-47E1-4733-A6C2-783329183B09}.Debug|Any CPU.ActiveCfg = Debug|Any CPU
		{964C0D4C-47E1-4733-A6C2-783329183B09}.Debug|Any CPU.Build.0 = Debug|Any CPU
		{964C0D4C-47E1-4733-A6C2-783329183B09}.Release|Any CPU.ActiveCfg = Release|Any CPU
		{964C0D4C-47E1-4733-A6C2-783329183B09}.Release|Any CPU.Build.0 = Release|Any CPU
		{BF1701EC-58E8-4D2E-A23A-71A14164860E}.Debug|Any CPU.ActiveCfg = Debug|Any CPU
		{BF1701EC-58E8-4D2E-A23A-71A14164860E}.Debug|Any CPU.Build.0 = Debug|Any CPU
		{BF1701EC-58E8-4D2E-A23A-71A14164860E}.Release|Any CPU.ActiveCfg = Release|Any CPU
		{BF1701EC-58E8-4D2E-A23A-71A14164860E}.Release|Any CPU.Build.0 = Release|Any CPU
	EndGlobalSection
	GlobalSection(SolutionProperties) = preSolution
		HideSolutionNode = FALSE
	EndGlobalSection
	GlobalSection(NestedProjects) = preSolution
		{FD313B05-3000-41CD-94C9-E4394D50B5F2} = {EB3830E3-F30F-44BC-9AEC-5EBC8110E486}
		{DC93669A-87F2-4DEA-95C9-4C9A4537F6D2} = {EB3830E3-F30F-44BC-9AEC-5EBC8110E486}
		{EB3830E3-F30F-44BC-9AEC-5EBC8110E486} = {122A80E2-8AFB-4659-9F37-CBBB3CAA4FBD}
		{B4CEB68C-93BF-4635-AE2C-2EA82A4AF311} = {EB3830E3-F30F-44BC-9AEC-5EBC8110E486}
		{CF428EC6-6ECC-4842-98B6-977EB8440371} = {122A80E2-8AFB-4659-9F37-CBBB3CAA4FBD}
		{B181E9FD-D414-4A7C-AE42-2095FEFE2F81} = {CF428EC6-6ECC-4842-98B6-977EB8440371}
		{3F632165-3446-4FD3-8CA7-67D425A547B5} = {CF428EC6-6ECC-4842-98B6-977EB8440371}
		{74F8A37C-6049-42BA-A2AA-5753541B63A2} = {122A80E2-8AFB-4659-9F37-CBBB3CAA4FBD}
		{45EF76E5-0B24-472F-A268-39D5C0E76754} = {74F8A37C-6049-42BA-A2AA-5753541B63A2}
		{3CCBDE37-461E-4950-BC36-1BEBBDAD1012} = {74F8A37C-6049-42BA-A2AA-5753541B63A2}
		{313CDF63-CEA8-4BF5-93C3-DD54441B31DB} = {122A80E2-8AFB-4659-9F37-CBBB3CAA4FBD}
		{B8127E12-B880-49F4-AE14-DEC3D0F1BECF} = {313CDF63-CEA8-4BF5-93C3-DD54441B31DB}
		{A6C1F399-0094-46AF-B787-738E3196CBC6} = {313CDF63-CEA8-4BF5-93C3-DD54441B31DB}
		{1CF39A6A-FA4B-40C3-868E-8D33F51D2D4F} = {122A80E2-8AFB-4659-9F37-CBBB3CAA4FBD}
		{6EDE78F4-7E7C-47B3-A3F3-E7238825E3A4} = {122A80E2-8AFB-4659-9F37-CBBB3CAA4FBD}
		{BF6529DA-D716-4D6A-B6D4-1A1115E9E391} = {122A80E2-8AFB-4659-9F37-CBBB3CAA4FBD}
		{964C0D4C-47E1-4733-A6C2-783329183B09} = {BF6529DA-D716-4D6A-B6D4-1A1115E9E391}
		{BF1701EC-58E8-4D2E-A23A-71A14164860E} = {BF6529DA-D716-4D6A-B6D4-1A1115E9E391}
	EndGlobalSection
	GlobalSection(ExtensibilityGlobals) = postSolution
		SolutionGuid = {CC055ABA-6F11-41FF-984E-9076C26DA000}
	EndGlobalSection
EndGlobal
